# THIS IS AN AUTOGENERATED FILE. DO NOT EDIT THIS FILE DIRECTLY.
# yarn lockfile v1


pegjs-template@^1.4.0:
  version "1.4.0"
  resolved "https://registry.yarnpkg.com/pegjs-template/-/pegjs-template-1.4.0.tgz#ebc1ee9e3949950c086088af516ca87d2a9d6ad8"
  integrity sha512-hRc1ISVPESfB3U69YKvE1ZWFCqURaM06r9+cuAfaE1tLT2d+9gl36B03c6fP61QUWSgvNdiGffybtbQ6qN6Cxg==
  dependencies:
    pegjs "^0.11.0-master.b7b87ea"

pegjs@^0.11.0-master.b7b87ea:
  version "0.11.0-master.f69239d"
  resolved "https://registry.yarnpkg.com/pegjs/-/pegjs-0.11.0-master.f69239d.tgz#4f6e445231cc369f9860a0999a685a79cec520ab"
  integrity sha512-8PXSaXnLh9hw0R/SfOL1b8JSgiPv1KSl8B1h+sP0uwngmx3Vk+QdB2cuBAT1lXPbP5necVZ2Dl2t4DfR3KKbZg==
